// !$*UTF8*$!
{
	archiveVersion = 1;
	classes = {
	};
	objectVersion = 77;
	objects = {

/* Begin PBXContainerItemProxy section */
		8E13F4462E5E092100E7F3F4 /* PBXContainerItemProxy */ = {
			isa = PBXContainerItemProxy;
			containerPortal = 8E13F42E2E5E092000E7F3F4 /* Project object */;
			proxyType = 1;
			remoteGlobalIDString = 8E13F4352E5E092000E7F3F4;
			remoteInfo = RiveTest;
		};
		8E13F4502E5E092100E7F3F4 /* PBXContainerItemProxy */ = {
			isa = PBXContainerItemProxy;
			containerPortal = 8E13F42E2E5E092000E7F3F4 /* Project object */;
			proxyType = 1;
			remoteGlobalIDString = 8E13F4352E5E092000E7F3F4;
			remoteInfo = RiveTest;
		};
/* End PBXContainerItemProxy section */

/* Begin PBXFileReference section */
		8E13F4362E5E092000E7F3F4 /* RiveTest.app */ = {isa = PBXFileReference; explicitFileType = wrapper.application; includeInIndex = 0; path = RiveTest.app; sourceTree = BUILT_PRODUCTS_DIR; };
		8E13F4452E5E092100E7F3F4 /* RiveTestTests.xctest */ = {isa = PBXFileReference; explicitFileType = wrapper.cfbundle; includeInIndex = 0; path = RiveTestTests.xctest; sourceTree = BUILT_PRODUCTS_DIR; };
		8E13F44F2E5E092100E7F3F4 /* RiveTestUITests.xctest */ = {isa = PBXFileReference; explicitFileType = wrapper.cfbundle; includeInIndex = 0; path = RiveTestUITests.xctest; sourceTree = BUILT_PRODUCTS_DIR; };
/* End PBXFileReference section */

/* Begin PBXFileSystemSynchronizedRootGroup section */
		8E13F4382E5E092000E7F3F4 /* RiveTest */ = {
			isa = PBXFileSystemSynchronizedRootGroup;
			path = RiveTest;
			sourceTree = "<group>";
		};
		8E13F4482E5E092100E7F3F4 /* RiveTestTests */ = {
			isa = PBXFileSystemSynchronizedRootGroup;
			path = RiveTestTests;
			sourceTree = "<group>";
		};
		8E13F4522E5E092100E7F3F4 /* RiveTestUITests */ = {
			isa = PBXFileSystemSynchronizedRootGroup;
			path = RiveTestUITests;
			sourceTree = "<group>";
		};
/* End PBXFileSystemSynchronizedRootGroup section */

/* Begin PBXFrameworksBuildPhase section */
		8E13F4332E5E092000E7F3F4 /* Frameworks */ = {
			isa = PBXFrameworksBuildPhase;
			buildActionMask = 2147483647;
			files = (
			);
			runOnlyForDeploymentPostprocessing = 0;
		};
		8E13F4422E5E092100E7F3F4 /* Frameworks */ = {
			isa = PBXFrameworksBuildPhase;
			buildActionMask = 2147483647;
			files = (
			);
			runOnlyForDeploymentPostprocessing = 0;
		};
		8E13F44C2E5E092100E7F3F4 /* Frameworks */ = {
			isa = PBXFrameworksBuildPhase;
			buildActionMask = 2147483647;
			files = (
			);
			runOnlyForDeploymentPostprocessing = 0;
		};
/* End PBXFrameworksBuildPhase section */

/* Begin PBXGroup section */
		8E13F42D2E5E092000E7F3F4 = {
			isa = PBXGroup;
			children = (
				8E13F4382E5E092000E7F3F4 /* RiveTest */,
				8E13F4482E5E092100E7F3F4 /* RiveTestTests */,
				8E13F4522E5E092100E7F3F4 /* RiveTestUITests */,
				8E13F4372E5E092000E7F3F4 /* Products */,
			);
			sourceTree = "<group>";
		};
		8E13F4372E5E092000E7F3F4 /* Products */ = {
			isa = PBXGroup;
			children = (
				8E13F4362E5E092000E7F3F4 /* RiveTest.app */,
				8E13F4452E5E092100E7F3F4 /* RiveTestTests.xctest */,
				8E13F44F2E5E092100E7F3F4 /* RiveTestUITests.xctest */,
			);
			name = Products;
			sourceTree = "<group>";
		};
/* End PBXGroup section */

/* Begin PBXNativeTarget section */
		8E13F4352E5E092000E7F3F4 /* RiveTest */ = {
			isa = PBXNativeTarget;
			buildConfigurationList = 8E13F4592E5E092100E7F3F4 /* Build configuration list for PBXNativeTarget "RiveTest" */;
			buildPhases = (
				8E13F4322E5E092000E7F3F4 /* Sources */,
				8E13F4332E5E092000E7F3F4 /* Frameworks */,
				8E13F4342E5E092000E7F3F4 /* Resources */,
			);
			buildRules = (
			);
			dependencies = (
			);
			fileSystemSynchronizedGroups = (
				8E13F4382E5E092000E7F3F4 /* RiveTest */,
			);
			name = RiveTest;
			packageProductDependencies = (
			);
			productName = RiveTest;
			productReference = 8E13F4362E5E092000E7F3F4 /* RiveTest.app */;
			productType = "com.apple.product-type.application";
		};
		8E13F4442E5E092100E7F3F4 /* RiveTestTests */ = {
			isa = PBXNativeTarget;
			buildConfigurationList = 8E13F45C2E5E092100E7F3F4 /* Build configuration list for PBXNativeTarget "RiveTestTests" */;
			buildPhases = (
				8E13F4412E5E092100E7F3F4 /* Sources */,
				8E13F4422E5E092100E7F3F4 /* Frameworks */,
				8E13F4432E5E092100E7F3F4 /* Resources */,
			);
			buildRules = (
			);
			dependencies = (
				8E13F4472E5E092100E7F3F4 /* PBXTargetDependency */,
			);
			fileSystemSynchronizedGroups = (
				8E13F4482E5E092100E7F3F4 /* RiveTestTests */,
			);
			name = RiveTestTests;
			packageProductDependencies = (
			);
			productName = RiveTestTests;
			productReference = 8E13F4452E5E092100E7F3F4 /* RiveTestTests.xctest */;
			productType = "com.apple.product-type.bundle.unit-test";
		};
		8E13F44E2E5E092100E7F3F4 /* RiveTestUITests */ = {
			isa = PBXNativeTarget;
			buildConfigurationList = 8E13F45F2E5E092100E7F3F4 /* Build configuration list for PBXNativeTarget "RiveTestUITests" */;
			buildPhases = (
				8E13F44B2E5E092100E7F3F4 /* Sources */,
				8E13F44C2E5E092100E7F3F4 /* Frameworks */,
				8E13F44D2E5E092100E7F3F4 /* Resources */,
			);
			buildRules = (
			);
			dependencies = (
				8E13F4512E5E092100E7F3F4 /* PBXTargetDependency */,
			);
			fileSystemSynchronizedGroups = (
				8E13F4522E5E092100E7F3F4 /* RiveTestUITests */,
			);
			name = RiveTestUITests;
			packageProductDependencies = (
			);
			productName = RiveTestUITests;
			productReference = 8E13F44F2E5E092100E7F3F4 /* RiveTestUITests.xctest */;
			productType = "com.apple.product-type.bundle.ui-testing";
		};
/* End PBXNativeTarget section */

/* Begin PBXProject section */
		8E13F42E2E5E092000E7F3F4 /* Project object */ = {
			isa = PBXProject;
			attributes = {
				BuildIndependentTargetsInParallel = 1;
				LastSwiftUpdateCheck = 1630;
				LastUpgradeCheck = 1630;
				TargetAttributes = {
					8E13F4352E5E092000E7F3F4 = {
						CreatedOnToolsVersion = 16.3;
					};
					8E13F4442E5E092100E7F3F4 = {
						CreatedOnToolsVersion = 16.3;
						TestTargetID = 8E13F4352E5E092000E7F3F4;
					};
					8E13F44E2E5E092100E7F3F4 = {
						CreatedOnToolsVersion = 16.3;
						TestTargetID = 8E13F4352E5E092000E7F3F4;
					};
				};
			};
			buildConfigurationList = 8E13F4312E5E092000E7F3F4 /* Build configuration list for PBXProject "RiveTest" */;
			developmentRegion = en;
			hasScannedForEncodings = 0;
			knownRegions = (
				en,
				Base,
			);
			mainGroup = 8E13F42D2E5E092000E7F3F4;
			minimizedProjectReferenceProxies = 1;
			preferredProjectObjectVersion = 77;
			productRefGroup = 8E13F4372E5E092000E7F3F4 /* Products */;
			projectDirPath = "";
			projectRoot = "";
			targets = (
				8E13F4352E5E092000E7F3F4 /* RiveTest */,
				8E13F4442E5E092100E7F3F4 /* RiveTestTests */,
				8E13F44E2E5E092100E7F3F4 /* RiveTestUITests */,
			);
		};
/* End PBXProject section */

/* Begin PBXResourcesBuildPhase section */
		8E13F4342E5E092000E7F3F4 /* Resources */ = {
			isa = PBXResourcesBuildPhase;
			buildActionMask = 2147483647;
			files = (
			);
			runOnlyForDeploymentPostprocessing = 0;
		};
		8E13F4432E5E092100E7F3F4 /* Resources */ = {
			isa = PBXResourcesBuildPhase;
			buildActionMask = 2147483647;
			files = (
			);
			runOnlyForDeploymentPostprocessing = 0;
		};
		8E13F44D2E5E092100E7F3F4 /* Resources */ = {
			isa = PBXResourcesBuildPhase;
			buildActionMask = 2147483647;
			files = (
			);
			runOnlyForDeploymentPostprocessing = 0;
		};
/* End PBXResourcesBuildPhase section */

/* Begin PBXSourcesBuildPhase section */
		8E13F4322E5E092000E7F3F4 /* Sources */ = {
			isa = PBXSourcesBuildPhase;
			buildActionMask = 2147483647;
			files = (
			);
			runOnlyForDeploymentPostprocessing = 0;
		};
		8E13F4412E5E092100E7F3F4 /* Sources */ = {
			isa = PBXSourcesBuildPhase;
			buildActionMask = 2147483647;
			files = (
			);
			runOnlyForDeploymentPostprocessing = 0;
		};
		8E13F44B2E5E092100E7F3F4 /* Sources */ = {
			isa = PBXSourcesBuildPhase;
			buildActionMask = 2147483647;
			files = (
			);
			runOnlyForDeploymentPostprocessing = 0;
		};
/* End PBXSourcesBuildPhase section */

/* Begin PBXTargetDependency section */
		8E13F4472E5E092100E7F3F4 /* PBXTargetDependency */ = {
			isa = PBXTargetDependency;
			target = 8E13F4352E5E092000E7F3F4 /* RiveTest */;
			targetProxy = 8E13F4462E5E092100E7F3F4 /* PBXContainerItemProxy */;
		};
		8E13F4512E5E092100E7F3F4 /* PBXTargetDependency */ = {
			isa = PBXTargetDependency;
			target = 8E13F4352E5E092000E7F3F4 /* RiveTest */;
			targetProxy = 8E13F4502E5E092100E7F3F4 /* PBXContainerItemProxy */;
		};
/* End PBXTargetDependency section */

/* Begin XCBuildConfiguration section */
		8E13F4572E5E092100E7F3F4 /* Debug */ = {
			isa = XCBuildConfiguration;
			buildSettings = {
				ALWAYS_SEARCH_USER_PATHS = NO;
				ASSETCATALOG_COMPILER_GENERATE_SWIFT_ASSET_SYMBOL_EXTENSIONS = YES;
				CLANG_ANALYZER_NONNULL = YES;
				CLANG_ANALYZER_NUMBER_OBJECT_CONVERSION = YES_AGGRESSIVE;
				CLANG_CXX_LANGUAGE_STANDARD = "gnu++20";
				CLANG_ENABLE_MODULES = YES;
				CLANG_ENABLE_OBJC_ARC = YES;
				CLANG_ENABLE_OBJC_WEAK = YES;
				CLANG_WARN_BLOCK_CAPTURE_AUTORELEASING = YES;
				CLANG_WARN_BOOL_CONVERSION = YES;
				CLANG_WARN_COMMA = YES;
				CLANG_WARN_CONSTANT_CONVERSION = YES;
				CLANG_WARN_DEPRECATED_OBJC_IMPLEMENTATIONS = YES;
				CLANG_WARN_DIRECT_OBJC_ISA_USAGE = YES_ERROR;
				CLANG_WARN_DOCUMENTATION_COMMENTS = YES;
				CLANG_WARN_EMPTY_BODY = YES;
				CLANG_WARN_ENUM_CONVERSION = YES;
				CLANG_WARN_INFINITE_RECURSION = YES;
				CLANG_WARN_INT_CONVERSION = YES;
				CLANG_WARN_NON_LITERAL_NULL_CONVERSION = YES;
				CLANG_WARN_OBJC_IMPLICIT_RETAIN_SELF = YES;
				CLANG_WARN_OBJC_LITERAL_CONVERSION = YES;
				CLANG_WARN_OBJC_ROOT_CLASS = YES_ERROR;
				CLANG_WARN_QUOTED_INCLUDE_IN_FRAMEWORK_HEADER = YES;
				CLANG_WARN_RANGE_LOOP_ANALYSIS = YES;
				CLANG_WARN_STRICT_PROTOTYPES = YES;
				CLANG_WARN_SUSPICIOUS_MOVE = YES;
				CLANG_WARN_UNGUARDED_AVAILABILITY = YES_AGGRESSIVE;
				CLANG_WARN_UNREACHABLE_CODE = YES;
				CLANG_WARN__DUPLICATE_METHOD_MATCH = YES;
				COPY_PHASE_STRIP = NO;
				DEBUG_INFORMATION_FORMAT = dwarf;
				DEVELOPMENT_TEAM = 7V5DH353Z8;
				ENABLE_STRICT_OBJC_MSGSEND = YES;
				ENABLE_TESTABILITY = YES;
				ENABLE_USER_SCRIPT_SANDBOXING = YES;
				GCC_C_LANGUAGE_STANDARD = gnu17;
				GCC_DYNAMIC_NO_PIC = NO;
				GCC_NO_COMMON_BLOCKS = YES;
				GCC_OPTIMIZATION_LEVEL = 0;
				GCC_PREPROCESSOR_DEFINITIONS = (
					"DEBUG=1",
					"$(inherited)",
				);
				GCC_WARN_64_TO_32_BIT_CONVERSION = YES;
				GCC_WARN_ABOUT_RETURN_TYPE = YES_ERROR;
				GCC_WARN_UNDECLARED_SELECTOR = YES;
				GCC_WARN_UNINITIALIZED_AUTOS = YES_AGGRESSIVE;
				GCC_WARN_UNUSED_FUNCTION = YES;
				GCC_WARN_UNUSED_VARIABLE = YES;
				IPHONEOS_DEPLOYMENT_TARGET = 18.4;
				LOCALIZATION_PREFERS_STRING_CATALOGS = YES;
				MTL_ENABLE_DEBUG_INFO = INCLUDE_SOURCE;
				MTL_FAST_MATH = YES;
				ONLY_ACTIVE_ARCH = YES;
				SDKROOT = iphoneos;
				SWIFT_ACTIVE_COMPILATION_CONDITIONS = "DEBUG $(inherited)";
				SWIFT_OPTIMIZATION_LEVEL = "-Onone";
			};
			name = Debug;
		};
		8E13F4582E5E092100E7F3F4 /* Release */ = {
			isa = XCBuildConfiguration;
			buildSettings = {
				ALWAYS_SEARCH_USER_PATHS = NO;
				ASSETCATALOG_COMPILER_GENERATE_SWIFT_ASSET_SYMBOL_EXTENSIONS = YES;
				CLANG_ANALYZER_NONNULL = YES;
				CLANG_ANALYZER_NUMBER_OBJECT_CONVERSION = YES_AGGRESSIVE;
				CLANG_CXX_LANGUAGE_STANDARD = "gnu++20";
				CLANG_ENABLE_MODULES = YES;
				CLANG_ENABLE_OBJC_ARC = YES;
				CLANG_ENABLE_OBJC_WEAK = YES;
				CLANG_WARN_BLOCK_CAPTURE_AUTORELEASING = YES;
				CLANG_WARN_BOOL_CONVERSION = YES;
				CLANG_WARN_COMMA = YES;
				CLANG_WARN_CONSTANT_CONVERSION = YES;
				CLANG_WARN_DEPRECATED_OBJC_IMPLEMENTATIONS = YES;
				CLANG_WARN_DIRECT_OBJC_ISA_USAGE = YES_ERROR;
				CLANG_WARN_DOCUMENTATION_COMMENTS = YES;
				CLANG_WARN_EMPTY_BODY = YES;
				CLANG_WARN_ENUM_CONVERSION = YES;
				CLANG_WARN_INFINITE_RECURSION = YES;
				CLANG_WARN_INT_CONVERSION = YES;
				CLANG_WARN_NON_LITERAL_NULL_CONVERSION = YES;
				CLANG_WARN_OBJC_IMPLICIT_RETAIN_SELF = YES;
				CLANG_WARN_OBJC_LITERAL_CONVERSION = YES;
				CLANG_WARN_OBJC_ROOT_CLASS = YES_ERROR;
				CLANG_WARN_QUOTED_INCLUDE_IN_FRAMEWORK_HEADER = YES;
				CLANG_WARN_RANGE_LOOP_ANALYSIS = YES;
				CLANG_WARN_STRICT_PROTOTYPES = YES;
				CLANG_WARN_SUSPICIOUS_MOVE = YES;
				CLANG_WARN_UNGUARDED_AVAILABILITY = YES_AGGRESSIVE;
				CLANG_WARN_UNREACHABLE_CODE = YES;
				CLANG_WARN__DUPLICATE_METHOD_MATCH = YES;
				COPY_PHASE_STRIP = NO;
				DEBUG_INFORMATION_FORMAT = "dwarf-with-dsym";
				DEVELOPMENT_TEAM = 7V5DH353Z8;
				ENABLE_NS_ASSERTIONS = NO;
				ENABLE_STRICT_OBJC_MSGSEND = YES;
				ENABLE_USER_SCRIPT_SANDBOXING = YES;
				GCC_C_LANGUAGE_STANDARD = gnu17;
				GCC_NO_COMMON_BLOCKS = YES;
				GCC_WARN_64_TO_32_BIT_CONVERSION = YES;
				GCC_WARN_ABOUT_RETURN_TYPE = YES_ERROR;
				GCC_WARN_UNDECLARED_SELECTOR = YES;
				GCC_WARN_UNINITIALIZED_AUTOS = YES_AGGRESSIVE;
				GCC_WARN_UNUSED_FUNCTION = YES;
				GCC_WARN_UNUSED_VARIABLE = YES;
				IPHONEOS_DEPLOYMENT_TARGET = 18.4;
				LOCALIZATION_PREFERS_STRING_CATALOGS = YES;
				MTL_ENABLE_DEBUG_INFO = NO;
				MTL_FAST_MATH = YES;
				SDKROOT = iphoneos;
				SWIFT_COMPILATION_MODE = wholemodule;
				VALIDATE_PRODUCT = YES;
			};
			name = Release;
		};
		8E13F45A2E5E092100E7F3F4 /* Debug */ = {
			isa = XCBuildConfiguration;
			buildSettings = {
				ASSETCATALOG_COMPILER_APPICON_NAME = AppIcon;
				ASSETCATALOG_COMPILER_GLOBAL_ACCENT_COLOR_NAME = AccentColor;
				CODE_SIGN_STYLE = Automatic;
				CURRENT_PROJECT_VERSION = 1;
				DEVELOPMENT_TEAM = 7V5DH353Z8;
				ENABLE_PREVIEWS = YES;
				GENERATE_INFOPLIST_FILE = YES;
				INFOPLIST_KEY_UIApplicationSceneManifest_Generation = YES;
				INFOPLIST_KEY_UIApplicationSupportsIndirectInputEvents = YES;
				INFOPLIST_KEY_UILaunchScreen_Generation = YES;
				INFOPLIST_KEY_UISupportedInterfaceOrientations_iPad = "UIInterfaceOrientationPortrait UIInterfaceOrientationPortraitUpsideDown UIInterfaceOrientationLandscapeLeft UIInterfaceOrientationLandscapeRight";
				INFOPLIST_KEY_UISupportedInterfaceOrientations_iPhone = "UIInterfaceOrientationPortrait UIInterfaceOrientationLandscapeLeft UIInterfaceOrientationLandscapeRight";
				LD_RUNPATH_SEARCH_PATHS = (
					"$(inherited)",
					"@executable_path/Frameworks",
				);
				MARKETING_VERSION = 1.0;
				PRODUCT_BUNDLE_IDENTIFIER = co.thefab.rive.RiveTest;
				PRODUCT_NAME = "$(TARGET_NAME)";
				SWIFT_EMIT_LOC_STRINGS = YES;
				SWIFT_VERSION = 5.0;
				TARGETED_DEVICE_FAMILY = "1,2";
			};
			name = Debug;
		};
		8E13F45B2E5E092100E7F3F4 /* Release */ = {
			isa = XCBuildConfiguration;
			buildSettings = {
				ASSETCATALOG_COMPILER_APPICON_NAME = AppIcon;
				ASSETCATALOG_COMPILER_GLOBAL_ACCENT_COLOR_NAME = AccentColor;
				CODE_SIGN_STYLE = Automatic;
				CURRENT_PROJECT_VERSION = 1;
				DEVELOPMENT_TEAM = 7V5DH353Z8;
				ENABLE_PREVIEWS = YES;
				GENERATE_INFOPLIST_FILE = YES;
				INFOPLIST_KEY_UIApplicationSceneManifest_Generation = YES;
				INFOPLIST_KEY_UIApplicationSupportsIndirectInputEvents = YES;
				INFOPLIST_KEY_UILaunchScreen_Generation = YES;
				INFOPLIST_KEY_UISupportedInterfaceOrientations_iPad = "UIInterfaceOrientationPortrait UIInterfaceOrientationPortraitUpsideDown UIInterfaceOrientationLandscapeLeft UIInterfaceOrientationLandscapeRight";
				INFOPLIST_KEY_UISupportedInterfaceOrientations_iPhone = "UIInterfaceOrientationPortrait UIInterfaceOrientationLandscapeLeft UIInterfaceOrientationLandscapeRight";
				LD_RUNPATH_SEARCH_PATHS = (
					"$(inherited)",
					"@executable_path/Frameworks",
				);
				MARKETING_VERSION = 1.0;
				PRODUCT_BUNDLE_IDENTIFIER = co.thefab.rive.RiveTest;
				PRODUCT_NAME = "$(TARGET_NAME)";
				SWIFT_EMIT_LOC_STRINGS = YES;
				SWIFT_VERSION = 5.0;
				TARGETED_DEVICE_FAMILY = "1,2";
			};
			name = Release;
		};
		8E13F45D2E5E092100E7F3F4 /* Debug */ = {
			isa = XCBuildConfiguration;
			buildSettings = {
				BUNDLE_LOADER = "$(TEST_HOST)";
				CODE_SIGN_STYLE = Automatic;
				CURRENT_PROJECT_VERSION = 1;
				DEVELOPMENT_TEAM = 7V5DH353Z8;
				GENERATE_INFOPLIST_FILE = YES;
				IPHONEOS_DEPLOYMENT_TARGET = 18.4;
				MARKETING_VERSION = 1.0;
				PRODUCT_BUNDLE_IDENTIFIER = co.thefab.rive.RiveTestTests;
				PRODUCT_NAME = "$(TARGET_NAME)";
				SWIFT_EMIT_LOC_STRINGS = NO;
				SWIFT_VERSION = 5.0;
				TARGETED_DEVICE_FAMILY = "1,2";
				TEST_HOST = "$(BUILT_PRODUCTS_DIR)/RiveTest.app/$(BUNDLE_EXECUTABLE_FOLDER_PATH)/RiveTest";
			};
			name = Debug;
		};
		8E13F45E2E5E092100E7F3F4 /* Release */ = {
			isa = XCBuildConfiguration;
			buildSettings = {
				BUNDLE_LOADER = "$(TEST_HOST)";
				CODE_SIGN_STYLE = Automatic;
				CURRENT_PROJECT_VERSION = 1;
				DEVELOPMENT_TEAM = 7V5DH353Z8;
				GENERATE_INFOPLIST_FILE = YES;
				IPHONEOS_DEPLOYMENT_TARGET = 18.4;
				MARKETING_VERSION = 1.0;
				PRODUCT_BUNDLE_IDENTIFIER = co.thefab.rive.RiveTestTests;
				PRODUCT_NAME = "$(TARGET_NAME)";
				SWIFT_EMIT_LOC_STRINGS = NO;
				SWIFT_VERSION = 5.0;
				TARGETED_DEVICE_FAMILY = "1,2";
				TEST_HOST = "$(BUILT_PRODUCTS_DIR)/RiveTest.app/$(BUNDLE_EXECUTABLE_FOLDER_PATH)/RiveTest";
			};
			name = Release;
		};
		8E13F4602E5E092100E7F3F4 /* Debug */ = {
			isa = XCBuildConfiguration;
			buildSettings = {
				CODE_SIGN_STYLE = Automatic;
				CURRENT_PROJECT_VERSION = 1;
				DEVELOPMENT_TEAM = 7V5DH353Z8;
				GENERATE_INFOPLIST_FILE = YES;
				MARKETING_VERSION = 1.0;
				PRODUCT_BUNDLE_IDENTIFIER = co.thefab.rive.RiveTestUITests;
				PRODUCT_NAME = "$(TARGET_NAME)";
				SWIFT_EMIT_LOC_STRINGS = NO;
				SWIFT_VERSION = 5.0;
				TARGETED_DEVICE_FAMILY = "1,2";
				TEST_TARGET_NAME = RiveTest;
			};
			name = Debug;
		};
		8E13F4612E5E092100E7F3F4 /* Release */ = {
			isa = XCBuildConfiguration;
			buildSettings = {
				CODE_SIGN_STYLE = Automatic;
				CURRENT_PROJECT_VERSION = 1;
				DEVELOPMENT_TEAM = 7V5DH353Z8;
				GENERATE_INFOPLIST_FILE = YES;
				MARKETING_VERSION = 1.0;
				PRODUCT_BUNDLE_IDENTIFIER = co.thefab.rive.RiveTestUITests;
				PRODUCT_NAME = "$(TARGET_NAME)";
				SWIFT_EMIT_LOC_STRINGS = NO;
				SWIFT_VERSION = 5.0;
				TARGETED_DEVICE_FAMILY = "1,2";
				TEST_TARGET_NAME = RiveTest;
			};
			name = Release;
		};
/* End XCBuildConfiguration section */

/* Begin XCConfigurationList section */
		8E13F4312E5E092000E7F3F4 /* Build configuration list for PBXProject "RiveTest" */ = {
			isa = XCConfigurationList;
			buildConfigurations = (
				8E13F4572E5E092100E7F3F4 /* Debug */,
				8E13F4582E5E092100E7F3F4 /* Release */,
			);
			defaultConfigurationIsVisible = 0;
			defaultConfigurationName = Release;
		};
		8E13F4592E5E092100E7F3F4 /* Build configuration list for PBXNativeTarget "RiveTest" */ = {
			isa = XCConfigurationList;
			buildConfigurations = (
				8E13F45A2E5E092100E7F3F4 /* Debug */,
				8E13F45B2E5E092100E7F3F4 /* Release */,
			);
			defaultConfigurationIsVisible = 0;
			defaultConfigurationName = Release;
		};
		8E13F45C2E5E092100E7F3F4 /* Build configuration list for PBXNativeTarget "RiveTestTests" */ = {
			isa = XCConfigurationList;
			buildConfigurations = (
				8E13F45D2E5E092100E7F3F4 /* Debug */,
				8E13F45E2E5E092100E7F3F4 /* Release */,
			);
			defaultConfigurationIsVisible = 0;
			defaultConfigurationName = Release;
		};
		8E13F45F2E5E092100E7F3F4 /* Build configuration list for PBXNativeTarget "RiveTestUITests" */ = {
			isa = XCConfigurationList;
			buildConfigurations = (
				8E13F4602E5E092100E7F3F4 /* Debug */,
				8E13F4612E5E092100E7F3F4 /* Release */,
			);
			defaultConfigurationIsVisible = 0;
			defaultConfigurationName = Release;
		};
/* End XCConfigurationList section */
	};
	rootObject = 8E13F42E2E5E092000E7F3F4 /* Project object */;
}
